
Microsoft Visual Studio Solution File, Format Version 12.00
# Visual Studio Version 17
VisualStudioVersion = 17.5.002.0
MinimumVisualStudioVersion = 10.0.40219.1
Project("{2150E333-8FDC-42A3-9474-1A3956D46DE8}") = "csharp-prep", "csharp-prep", "{BEA06380-4D38-4C95-A6DE-B640F0D88587}"
EndProject
Project("{9A19103F-16F7-4668-BE54-9A1E7A4F7556}") = "Prep1", "csharp-prep\Prep1\Prep1.csproj", "{DCC48139-EFA4-44E7-8C8C-E2AB0AA2AC29}"
EndProject
Project("{9A19103F-16F7-4668-BE54-9A1E7A4F7556}") = "Prep2", "csharp-prep\Prep2\Prep2.csproj", "{E576B42C-F35F-4951-BF5C-ECAC3BC8EBAF}"
EndProject
Project("{9A19103F-16F7-4668-BE54-9A1E7A4F7556}") = "Prep3", "csharp-prep\Prep3\Prep3.csproj", "{E7E7193A-6FB6-4D4E-8989-39BBCBF61AD9}"
EndProject
Project("{9A19103F-16F7-4668-BE54-9A1E7A4F7556}") = "Prep4", "csharp-prep\Prep4\Prep4.csproj", "{213C32A3-C75F-4C1E-9E6B-11B2B0C8CDC7}"
EndProject
Project("{9A19103F-16F7-4668-BE54-9A1E7A4F7556}") = "Prep5", "csharp-prep\Prep5\Prep5.csproj", "{2F625BAA-EDD1-4051-AF50-4E493C324364}"
EndProject
Project("{2150E333-8FDC-42A3-9474-1A3956D46DE8}") = "final", "final", "{5BD8C1BE-F6E5-40C7-959C-70351132FBEC}"
EndProject
Project("{9A19103F-16F7-4668-BE54-9A1E7A4F7556}") = "FinalProject", "final\FinalProject\FinalProject.csproj", "{2B046676-1A6E-45CA-9664-866703019076}"
EndProject
Project("{9A19103F-16F7-4668-BE54-9A1E7A4F7556}") = "Foundation1", "final\Foundation1\Foundation1.csproj", "{AE721DBC-AE01-4698-B513-58D1E10EE863}"
EndProject
Project("{9A19103F-16F7-4668-BE54-9A1E7A4F7556}") = "Foundation2", "final\Foundation2\Foundation2.csproj", "{9FA73D39-78C7-48B4-975E-61E04734BA8F}"
EndProject
Project("{9A19103F-16F7-4668-BE54-9A1E7A4F7556}") = "Foundation3", "final\Foundation3\Foundation3.csproj", "{4AC4C57D-92EB-4DF9-A556-6809FE428189}"
EndProject
Project("{9A19103F-16F7-4668-BE54-9A1E7A4F7556}") = "Foundation4", "final\Foundation4\Foundation4.csproj", "{5E04A588-52B0-4B2F-8C47-FD58EB767B74}"
EndProject
Project("{2150E333-8FDC-42A3-9474-1A3956D46DE8}") = "prepare", "prepare", "{57516C56-1A6C-401F-A219-E20B96D0120B}"
EndProject
Project("{9A19103F-16F7-4668-BE54-9A1E7A4F7556}") = "Learning02", "prepare\Learning02\Learning02.csproj", "{2199EA88-D8E6-4B6A-A46F-22FBD8696699}"
EndProject
Project("{9A19103F-16F7-4668-BE54-9A1E7A4F7556}") = "Learning03", "prepare\Learning03\Learning03.csproj", "{8B0DE5EB-B48C-4E3F-8E39-24C09B41FB14}"
EndProject
Project("{9A19103F-16F7-4668-BE54-9A1E7A4F7556}") = "Learning04", "prepare\Learning04\Learning04.csproj", "{09C3A45E-3AE2-49B6-8D29-45034D7BE258}"
EndProject
Project("{9A19103F-16F7-4668-BE54-9A1E7A4F7556}") = "Learning05", "prepare\Learning05\Learning05.csproj", "{E719DC0A-119D-435A-A1C2-6F9773EE8767}"
EndProject
Project("{2150E333-8FDC-42A3-9474-1A3956D46DE8}") = "prove", "prove", "{59A18AB5-E3A0-4BC1-9782-8399F2DCB5B7}"
EndProject
Project("{9A19103F-16F7-4668-BE54-9A1E7A4F7556}") = "Develop02", "prove\Develop02\Develop02.csproj", "{DE8124E1-714D-4014-8DBF-7D79895EA065}"
EndProject
Project("{9A19103F-16F7-4668-BE54-9A1E7A4F7556}") = "Develop03", "prove\Develop03\Develop03.csproj", "{7833354A-2604-40D6-8413-4CF0564CD6EF}"
EndProject
Project("{9A19103F-16F7-4668-BE54-9A1E7A4F7556}") = "Develop04", "prove\Develop04\Develop04.csproj", "{444827A1-F879-4C4F-A07D-ECC5459F4B8B}"
EndProject
Project("{9A19103F-16F7-4668-BE54-9A1E7A4F7556}") = "Develop05", "prove\Develop05\Develop05.csproj", "{400B1421-2C86-4CB4-BAF7-74DB84E3D451}"
EndProject
Project("{2150E333-8FDC-42A3-9474-1A3956D46DE8}") = "sandbox", "sandbox", "{AFF1E134-873D-47DF-AE3F-BBD6686E6B72}"
EndProject
Project("{9A19103F-16F7-4668-BE54-9A1E7A4F7556}") = "Sandbox", "sandbox\Sandbox\Sandbox.csproj", "{D595BD49-F383-42DC-98BE-4807E1931677}"
EndProject
Global
	GlobalSection(SolutionConfigurationPlatforms) = preSolution
		Debug|Any CPU = Debug|Any CPU
		Release|Any CPU = Release|Any CPU
	EndGlobalSection
	GlobalSection(ProjectConfigurationPlatforms) = postSolution
		{DCC48139-EFA4-44E7-8C8C-E2AB0AA2AC29}.Debug|Any CPU.ActiveCfg = Debug|Any CPU
		{DCC48139-EFA4-44E7-8C8C-E2AB0AA2AC29}.Debug|Any CPU.Build.0 = Debug|Any CPU
		{DCC48139-EFA4-44E7-8C8C-E2AB0AA2AC29}.Release|Any CPU.ActiveCfg = Release|Any CPU
		{DCC48139-EFA4-44E7-8C8C-E2AB0AA2AC29}.Release|Any CPU.Build.0 = Release|Any CPU
		{E576B42C-F35F-4951-BF5C-ECAC3BC8EBAF}.Debug|Any CPU.ActiveCfg = Debug|Any CPU
		{E576B42C-F35F-4951-BF5C-ECAC3BC8EBAF}.Debug|Any CPU.Build.0 = Debug|Any CPU
		{E576B42C-F35F-4951-BF5C-ECAC3BC8EBAF}.Release|Any CPU.ActiveCfg = Release|Any CPU
		{E576B42C-F35F-4951-BF5C-ECAC3BC8EBAF}.Release|Any CPU.Build.0 = Release|Any CPU
		{E7E7193A-6FB6-4D4E-8989-39BBCBF61AD9}.Debug|Any CPU.ActiveCfg = Debug|Any CPU
		{E7E7193A-6FB6-4D4E-8989-39BBCBF61AD9}.Debug|Any CPU.Build.0 = Debug|Any CPU
		{E7E7193A-6FB6-4D4E-8989-39BBCBF61AD9}.Release|Any CPU.ActiveCfg = Release|Any CPU
		{E7E7193A-6FB6-4D4E-8989-39BBCBF61AD9}.Release|Any CPU.Build.0 = Release|Any CPU
		{213C32A3-C75F-4C1E-9E6B-11B2B0C8CDC7}.Debug|Any CPU.ActiveCfg = Debug|Any CPU
		{213C32A3-C75F-4C1E-9E6B-11B2B0C8CDC7}.Debug|Any CPU.Build.0 = Debug|Any CPU
		{213C32A3-C75F-4C1E-9E6B-11B2B0C8CDC7}.Release|Any CPU.ActiveCfg = Release|Any CPU
		{213C32A3-C75F-4C1E-9E6B-11B2B0C8CDC7}.Release|Any CPU.Build.0 = Release|Any CPU
		{2F625BAA-EDD1-4051-AF50-4E493C324364}.Debug|Any CPU.ActiveCfg = Debug|Any CPU
		{2F625BAA-EDD1-4051-AF50-4E493C324364}.Debug|Any CPU.Build.0 = Debug|Any CPU
		{2F625BAA-EDD1-4051-AF50-4E493C324364}.Release|Any CPU.ActiveCfg = Release|Any CPU
		{2F625BAA-EDD1-4051-AF50-4E493C324364}.Release|Any CPU.Build.0 = Release|Any CPU
		{2B046676-1A6E-45CA-9664-866703019076}.Debug|Any CPU.ActiveCfg = Debug|Any CPU
		{2B046676-1A6E-45CA-9664-866703019076}.Debug|Any CPU.Build.0 = Debug|Any CPU
		{2B046676-1A6E-45CA-9664-866703019076}.Release|Any CPU.ActiveCfg = Release|Any CPU
		{2B046676-1A6E-45CA-9664-866703019076}.Release|Any CPU.Build.0 = Release|Any CPU
		{AE721DBC-AE01-4698-B513-58D1E10EE863}.Debug|Any CPU.ActiveCfg = Debug|Any CPU
		{AE721DBC-AE01-4698-B513-58D1E10EE863}.Debug|Any CPU.Build.0 = Debug|Any CPU
		{AE721DBC-AE01-4698-B513-58D1E10EE863}.Release|Any CPU.ActiveCfg = Release|Any CPU
		{AE721DBC-AE01-4698-B513-58D1E10EE863}.Release|Any CPU.Build.0 = Release|Any CPU
		{9FA73D39-78C7-48B4-975E-61E04734BA8F}.Debug|Any CPU.ActiveCfg = Debug|Any CPU
		{9FA73D39-78C7-48B4-975E-61E04734BA8F}.Debug|Any CPU.Build.0 = Debug|Any CPU
		{9FA73D39-78C7-48B4-975E-61E04734BA8F}.Release|Any CPU.ActiveCfg = Release|Any CPU
		{9FA73D39-78C7-48B4-975E-61E04734BA8F}.Release|Any CPU.Build.0 = Release|Any CPU
		{4AC4C57D-92EB-4DF9-A556-6809FE428189}.Debug|Any CPU.ActiveCfg = Debug|Any CPU
		{4AC4C57D-92EB-4DF9-A556-6809FE428189}.Debug|Any CPU.Build.0 = Debug|Any CPU
		{4AC4C57D-92EB-4DF9-A556-6809FE428189}.Release|Any CPU.ActiveCfg = Release|Any CPU
		{4AC4C57D-92EB-4DF9-A556-6809FE428189}.Release|Any CPU.Build.0 = Release|Any CPU
		{5E04A588-52B0-4B2F-8C47-FD58EB767B74}.Debug|Any CPU.ActiveCfg = Debug|Any CPU
		{5E04A588-52B0-4B2F-8C47-FD58EB767B74}.Debug|Any CPU.Build.0 = Debug|Any CPU
		{5E04A588-52B0-4B2F-8C47-FD58EB767B74}.Release|Any CPU.ActiveCfg = Release|Any CPU
		{5E04A588-52B0-4B2F-8C47-FD58EB767B74}.Release|Any CPU.Build.0 = Release|Any CPU
		{2199EA88-D8E6-4B6A-A46F-22FBD8696699}.Debug|Any CPU.ActiveCfg = Debug|Any CPU
		{2199EA88-D8E6-4B6A-A46F-22FBD8696699}.Debug|Any CPU.Build.0 = Debug|Any CPU
		{2199EA88-D8E6-4B6A-A46F-22FBD8696699}.Release|Any CPU.ActiveCfg = Release|Any CPU
		{2199EA88-D8E6-4B6A-A46F-22FBD8696699}.Release|Any CPU.Build.0 = Release|Any CPU
		{8B0DE5EB-B48C-4E3F-8E39-24C09B41FB14}.Debug|Any CPU.ActiveCfg = Debug|Any CPU
		{8B0DE5EB-B48C-4E3F-8E39-24C09B41FB14}.Debug|Any CPU.Build.0 = Debug|Any CPU
		{8B0DE5EB-B48C-4E3F-8E39-24C09B41FB14}.Release|Any CPU.ActiveCfg = Release|Any CPU
		{8B0DE5EB-B48C-4E3F-8E39-24C09B41FB14}.Release|Any CPU.Build.0 = Release|Any CPU
		{09C3A45E-3AE2-49B6-8D29-45034D7BE258}.Debug|Any CPU.ActiveCfg = Debug|Any CPU
		{09C3A45E-3AE2-49B6-8D29-45034D7BE258}.Debug|Any CPU.Build.0 = Debug|Any CPU
		{09C3A45E-3AE2-49B6-8D29-45034D7BE258}.Release|Any CPU.ActiveCfg = Release|Any CPU
		{09C3A45E-3AE2-49B6-8D29-45034D7BE258}.Release|Any CPU.Build.0 = Release|Any CPU
		{E719DC0A-119D-435A-A1C2-6F9773EE8767}.Debug|Any CPU.ActiveCfg = Debug|Any CPU
		{E719DC0A-119D-435A-A1C2-6F9773EE8767}.Debug|Any CPU.Build.0 = Debug|Any CPU
		{E719DC0A-119D-435A-A1C2-6F9773EE8767}.Release|Any CPU.ActiveCfg = Release|Any CPU
		{E719DC0A-119D-435A-A1C2-6F9773EE8767}.Release|Any CPU.Build.0 = Release|Any CPU
		{DE8124E1-714D-4014-8DBF-7D79895EA065}.Debug|Any CPU.ActiveCfg = Debug|Any CPU
		{DE8124E1-714D-4014-8DBF-7D79895EA065}.Debug|Any CPU.Build.0 = Debug|Any CPU
		{DE8124E1-714D-4014-8DBF-7D79895EA065}.Release|Any CPU.ActiveCfg = Release|Any CPU
		{DE8124E1-714D-4014-8DBF-7D79895EA065}.Release|Any CPU.Build.0 = Release|Any CPU
		{7833354A-2604-40D6-8413-4CF0564CD6EF}.Debug|Any CPU.ActiveCfg = Debug|Any CPU
		{7833354A-2604-40D6-8413-4CF0564CD6EF}.Debug|Any CPU.Build.0 = Debug|Any CPU
		{7833354A-2604-40D6-8413-4CF0564CD6EF}.Release|Any CPU.ActiveCfg = Release|Any CPU
		{7833354A-2604-40D6-8413-4CF0564CD6EF}.Release|Any CPU.Build.0 = Release|Any CPU
		{444827A1-F879-4C4F-A07D-ECC5459F4B8B}.Debug|Any CPU.ActiveCfg = Debug|Any CPU
		{444827A1-F879-4C4F-A07D-ECC5459F4B8B}.Debug|Any CPU.Build.0 = Debug|Any CPU
		{444827A1-F879-4C4F-A07D-ECC5459F4B8B}.Release|Any CPU.ActiveCfg = Release|Any CPU
		{444827A1-F879-4C4F-A07D-ECC5459F4B8B}.Release|Any CPU.Build.0 = Release|Any CPU
		{400B1421-2C86-4CB4-BAF7-74DB84E3D451}.Debug|Any CPU.ActiveCfg = Debug|Any CPU
		{400B1421-2C86-4CB4-BAF7-74DB84E3D451}.Debug|Any CPU.Build.0 = Debug|Any CPU
		{400B1421-2C86-4CB4-BAF7-74DB84E3D451}.Release|Any CPU.ActiveCfg = Release|Any CPU
		{400B1421-2C86-4CB4-BAF7-74DB84E3D451}.Release|Any CPU.Build.0 = Release|Any CPU
		{D595BD49-F383-42DC-98BE-4807E1931677}.Debug|Any CPU.ActiveCfg = Debug|Any CPU
		{D595BD49-F383-42DC-98BE-4807E1931677}.Debug|Any CPU.Build.0 = Debug|Any CPU
		{D595BD49-F383-42DC-98BE-4807E1931677}.Release|Any CPU.ActiveCfg = Release|Any CPU
		{D595BD49-F383-42DC-98BE-4807E1931677}.Release|Any CPU.Build.0 = Release|Any CPU
	EndGlobalSection
	GlobalSection(SolutionProperties) = preSolution
		HideSolutionNode = FALSE
	EndGlobalSection
	GlobalSection(NestedProjects) = preSolution
		{DCC48139-EFA4-44E7-8C8C-E2AB0AA2AC29} = {BEA06380-4D38-4C95-A6DE-B640F0D88587}
		{E576B42C-F35F-4951-BF5C-ECAC3BC8EBAF} = {BEA06380-4D38-4C95-A6DE-B640F0D88587}
		{E7E7193A-6FB6-4D4E-8989-39BBCBF61AD9} = {BEA06380-4D38-4C95-A6DE-B640F0D88587}
		{213C32A3-C75F-4C1E-9E6B-11B2B0C8CDC7} = {BEA06380-4D38-4C95-A6DE-B640F0D88587}
		{2F625BAA-EDD1-4051-AF50-4E493C324364} = {BEA06380-4D38-4C95-A6DE-B640F0D88587}
		{2B046676-1A6E-45CA-9664-866703019076} = {5BD8C1BE-F6E5-40C7-959C-70351132FBEC}
		{AE721DBC-AE01-4698-B513-58D1E10EE863} = {5BD8C1BE-F6E5-40C7-959C-70351132FBEC}
		{9FA73D39-78C7-48B4-975E-61E04734BA8F} = {5BD8C1BE-F6E5-40C7-959C-70351132FBEC}
		{4AC4C57D-92EB-4DF9-A556-6809FE428189} = {5BD8C1BE-F6E5-40C7-959C-70351132FBEC}
		{5E04A588-52B0-4B2F-8C47-FD58EB767B74} = {5BD8C1BE-F6E5-40C7-959C-70351132FBEC}
		{2199EA88-D8E6-4B6A-A46F-22FBD8696699} = {57516C56-1A6C-401F-A219-E20B96D0120B}
		{8B0DE5EB-B48C-4E3F-8E39-24C09B41FB14} = {57516C56-1A6C-401F-A219-E20B96D0120B}
		{09C3A45E-3AE2-49B6-8D29-45034D7BE258} = {57516C56-1A6C-401F-A219-E20B96D0120B}
		{E719DC0A-119D-435A-A1C2-6F9773EE8767} = {57516C56-1A6C-401F-A219-E20B96D0120B}
		{DE8124E1-714D-4014-8DBF-7D79895EA065} = {59A18AB5-E3A0-4BC1-9782-8399F2DCB5B7}
		{7833354A-2604-40D6-8413-4CF0564CD6EF} = {59A18AB5-E3A0-4BC1-9782-8399F2DCB5B7}
		{444827A1-F879-4C4F-A07D-ECC5459F4B8B} = {59A18AB5-E3A0-4BC1-9782-8399F2DCB5B7}
		{400B1421-2C86-4CB4-BAF7-74DB84E3D451} = {59A18AB5-E3A0-4BC1-9782-8399F2DCB5B7}
		{D595BD49-F383-42DC-98BE-4807E1931677} = {AFF1E134-873D-47DF-AE3F-BBD6686E6B72}
	EndGlobalSection
	GlobalSection(ExtensibilityGlobals) = postSolution
		SolutionGuid = {2C748816-5D38-43CD-8E46-E3DA33CAACE3}
	EndGlobalSection
EndGlobal
